# This file is generated by running "yarn install" inside your project.
# Manual changes might be lost - proceed with caution!

__metadata:
  version: 10
  cacheKey: 10c0

"@esbuild/aix-ppc64@npm:0.27.3":
  version: 0.27.3
  resolution: "@esbuild/aix-ppc64@npm:0.27.3"
  conditions: os=aix & cpu=ppc64
  languageName: node
  linkType: hard

"@esbuild/android-arm64@npm:0.27.3":
  version: 0.27.3
  resolution: "@esbuild/android-arm64@npm:0.27.3"
  conditions: os=android & cpu=arm64
  languageName: node
  linkType: hard

"@esbuild/android-arm@npm:0.27.3":
  version: 0.27.3
  resolution: "@esbuild/android-arm@npm:0.27.3"
  conditions: os=android & cpu=arm
  languageName: node
  linkType: hard

"@esbuild/android-x64@npm:0.27.3":
  version: 0.27.3
  resolution: "@esbuild/android-x64@npm:0.27.3"
  conditions: os=android & cpu=x64
  languageName: node
  linkType: hard

"@esbuild/darwin-arm64@npm:0.27.3":
  version: 0.27.3
  resolution: "@esbuild/darwin-arm64@npm:0.27.3"
  conditions: os=darwin & cpu=arm64
  languageName: node
  linkType: hard

"@esbuild/darwin-x64@npm:0.27.3":
  version: 0.27.3
  resolution: "@esbuild/darwin-x64@npm:0.27.3"
  conditions: os=darwin & cpu=x64
  languageName: node
  linkType: hard

"@esbuild/freebsd-arm64@npm:0.27.3":
  version: 0.27.3
  resolution: "@esbuild/freebsd-arm64@npm:0.27.3"
  conditions: os=freebsd & cpu=arm64
  languageName: node
  linkType: hard

"@esbuild/freebsd-x64@npm:0.27.3":
  version: 0.27.3
  resolution: "@esbuild/freebsd-x64@npm:0.27.3"
  conditions: os=freebsd & cpu=x64
  languageName: node
  linkType: hard

"@esbuild/linux-arm64@npm:0.27.3":
  version: 0.27.3
  resolution: "@esbuild/linux-arm64@npm:0.27.3"
  conditions: os=linux & cpu=arm64
  languageName: node
  linkType: hard

"@esbuild/linux-arm@npm:0.27.3":
  version: 0.27.3
  resolution: "@esbuild/linux-arm@npm:0.27.3"
  conditions: os=linux & cpu=arm
  languageName: node
  linkType: hard

"@esbuild/linux-ia32@npm:0.27.3":
  version: 0.27.3
  resolution: "@esbuild/linux-ia32@npm:0.27.3"
  conditions: os=linux & cpu=ia32
  languageName: node
  linkType: hard

"@esbuild/linux-loong64@npm:0.27.3":
  version: 0.27.3
  resolution: "@esbuild/linux-loong64@npm:0.27.3"
  conditions: os=linux & cpu=loong64
  languageName: node
  linkType: hard

"@esbuild/linux-mips64el@npm:0.27.3":
  version: 0.27.3
  resolution: "@esbuild/linux-mips64el@npm:0.27.3"
  conditions: os=linux & cpu=mips64el
  languageName: node
  linkType: hard

"@esbuild/linux-ppc64@npm:0.27.3":
  version: 0.27.3
  resolution: "@esbuild/linux-ppc64@npm:0.27.3"
  conditions: os=linux & cpu=ppc64
  languageName: node
  linkType: hard

"@esbuild/linux-riscv64@npm:0.27.3":
  version: 0.27.3
  resolution: "@esbuild/linux-riscv64@npm:0.27.3"
  conditions: os=linux & cpu=riscv64
  languageName: node
  linkType: hard

"@esbuild/linux-s390x@npm:0.27.3":
  version: 0.27.3
  resolution: "@esbuild/linux-s390x@npm:0.27.3"
  conditions: os=linux & cpu=s390x
  languageName: node
  linkType: hard

"@esbuild/linux-x64@npm:0.27.3":
  version: 0.27.3
  resolution: "@esbuild/linux-x64@npm:0.27.3"
  conditions: os=linux & cpu=x64
  languageName: node
  linkType: hard

"@esbuild/netbsd-arm64@npm:0.27.3":
  version: 0.27.3
  resolution: "@esbuild/netbsd-arm64@npm:0.27.3"
  conditions: os=netbsd & cpu=arm64
  languageName: node
  linkType: hard

"@esbuild/netbsd-x64@npm:0.27.3":
  version: 0.27.3
  resolution: "@esbuild/netbsd-x64@npm:0.27.3"
  conditions: os=netbsd & cpu=x64
  languageName: node
  linkType: hard

"@esbuild/openbsd-arm64@npm:0.27.3":
  version: 0.27.3
  resolution: "@esbuild/openbsd-arm64@npm:0.27.3"
  conditions: os=openbsd & cpu=arm64
  languageName: node
  linkType: hard

"@esbuild/openbsd-x64@npm:0.27.3":
  version: 0.27.3
  resolution: "@esbuild/openbsd-x64@npm:0.27.3"
  conditions: os=openbsd & cpu=x64
  languageName: node
  linkType: hard

"@esbuild/openharmony-arm64@npm:0.27.3":
  version: 0.27.3
  resolution: "@esbuild/openharmony-arm64@npm:0.27.3"
  conditions: os=openharmony & cpu=arm64
  languageName: node
  linkType: hard

"@esbuild/sunos-x64@npm:0.27.3":
  version: 0.27.3
  resolution: "@esbuild/sunos-x64@npm:0.27.3"
  conditions: os=sunos & cpu=x64
  languageName: node
  linkType: hard

"@esbuild/win32-arm64@npm:0.27.3":
  version: 0.27.3
  resolution: "@esbuild/win32-arm64@npm:0.27.3"
  conditions: os=win32 & cpu=arm64
  languageName: node
  linkType: hard

"@esbuild/win32-ia32@npm:0.27.3":
  version: 0.27.3
  resolution: "@esbuild/win32-ia32@npm:0.27.3"
  conditions: os=win32 & cpu=ia32
  languageName: node
  linkType: hard

"@esbuild/win32-x64@npm:0.27.3":
  version: 0.27.3
  resolution: "@esbuild/win32-x64@npm:0.27.3"
  conditions: os=win32 & cpu=x64
  languageName: node
  linkType: hard

"@handlewithcare/react-prosemirror@npm:3.2.7":
  version: 3.2.7
  resolution: "@handlewithcare/react-prosemirror@npm:3.2.7"
  dependencies:
    classnames: "npm:^2.5.1"
  peerDependencies:
    "@tiptap/core": ^3.0.0
    "@tiptap/pm": ^3.0.0
    "@tiptap/react": ^3.0.0
    prosemirror-model: ^1.0.0
    prosemirror-state: ^1.0.0
    prosemirror-view: 1.42.0
    react: ">=17 <20"
    react-dom: ">=17 <20"
    react-reconciler: ">=0.26.1 <=0.33.0"
  peerDependenciesMeta:
    "@tiptap/core":
      optional: true
    "@tiptap/pm":
      optional: true
    "@tiptap/react":
      optional: true
  checksum: 10c0/02b060be766d335c6ae340ae10f1ceb95f475edd3736f6973173a67cad4e08ceda9d8db4bbc5e4a8b9b6b477c715a9a08637138c2ef8b67362e29df7482a36aa
  languageName: node
  linkType: hard

"@internationalized/date@npm:^3.12.3":
  version: 3.12.3
  resolution: "@internationalized/date@npm:3.12.3"
  dependencies:
    "@swc/helpers": "npm:^0.5.0"
  checksum: 10c0/d99ef774b45326ecc3e96642b234de4e92440e4cc929f11141f91403515f1cdb321e66c40f4f71cc4140069776b78a8231c3a72966f3024018ee88da3c4a2726
  languageName: node
  linkType: hard

"@internationalized/number@npm:^3.6.7":
  version: 3.6.7
  resolution: "@internationalized/number@npm:3.6.7"
  dependencies:
    "@swc/helpers": "npm:^0.5.0"
  checksum: 10c0/b5d60cccc05e4549eedcaee4ef3fc7b972532321e841bce1251c4993f1f7b3416c2b92e7fddd22292ed494140fb3ca6eb6dafc6cbe37e267483e9510954a618f
  languageName: node
  linkType: hard

"@internationalized/string@npm:^3.2.10":
  version: 3.2.10
  resolution: "@internationalized/string@npm:3.2.10"
  dependencies:
    "@swc/helpers": "npm:^0.5.0"
  checksum: 10c0/c9d3fa0846ab6afe67ca8342bec551c659ece9aa283972e7a3255b7e0976f6389ccadd3112f64470af6096bb68d0889fb8ff7afa1bc800ef88d15a122ead8cb5
  languageName: node
  linkType: hard

"@isaacs/fs-minipass@npm:^4.0.0":
  version: 4.0.1
  resolution: "@isaacs/fs-minipass@npm:4.0.1"
  dependencies:
    minipass: "npm:^7.0.4"
  checksum: 10c0/c25b6dc1598790d5b55c0947a9b7d111cfa92594db5296c3b907e2f533c033666f692a3939eadac17b1c7c40d362d0b0635dc874cbfe3e70db7c2b07cc97a5d2
  languageName: node
  linkType: hard

"@metanorma/editor-commands@workspace:^, @metanorma/editor-commands@workspace:pkg/editor-commands":
  version: 0.0.0-use.local
  resolution: "@metanorma/editor-commands@workspace:pkg/editor-commands"
  dependencies:
    "@metanorma/prosemirror-schema": "workspace:^"
    prosemirror-commands: "npm:^1.7.1"
    prosemirror-history: "npm:^1.4.1"
    prosemirror-model: "npm:^1.22.0"
    prosemirror-schema-list: "npm:^1.4.0"
    prosemirror-state: "npm:^1.4.4"
    prosemirror-transform: "npm:^1.12.0"
    typescript: "npm:~6.0.3"
  languageName: unknown
  linkType: soft

"@metanorma/prosemirror-editor@workspace:^, @metanorma/prosemirror-editor@workspace:pkg/prosemirror-editor":
  version: 0.0.0-use.local
  resolution: "@metanorma/prosemirror-editor@workspace:pkg/prosemirror-editor"
  dependencies:
    "@handlewithcare/react-prosemirror": "npm:3.2.7"
    "@metanorma/editor-commands": "workspace:^"
    "@metanorma/prosemirror-schema": "workspace:^"
    "@metanorma/relaton": "workspace:^"
    "@types/react": "npm:^19"
    "@types/react-dom": "npm:^19"
    prosemirror-commands: "npm:^1.7.1"
    prosemirror-gapcursor: "npm:^1.3.1"
    prosemirror-keymap: "npm:^1.2.2"
    prosemirror-model: "npm:^1.22.0"
    prosemirror-state: "npm:^1.4.4"
    prosemirror-view: "npm:1.42.0"
    react: "npm:^19.2.7"
    react-dom: "npm:^19.2.7"
    react-reconciler: "npm:0.32.0"
    typescript: "npm:~6.0.3"
  languageName: unknown
  linkType: soft

"@metanorma/prosemirror-schema@workspace:^, @metanorma/prosemirror-schema@workspace:pkg/prosemirror-schema":
  version: 0.0.0-use.local
  resolution: "@metanorma/prosemirror-schema@workspace:pkg/prosemirror-schema"
  dependencies:
    prosemirror-model: "npm:^1.22.0"
    typescript: "npm:~6.0.3"
  languageName: unknown
  linkType: soft

"@metanorma/relaton@workspace:^, @metanorma/relaton@workspace:pkg/relaton":
  version: 0.0.0-use.local
  resolution: "@metanorma/relaton@workspace:pkg/relaton"
  dependencies:
    "@types/react": "npm:^19"
    typescript: "npm:~6.0.3"
  peerDependencies:
    react: ^19.2.7
  languageName: unknown
  linkType: soft

"@metanorma/toolbar@workspace:^, @metanorma/toolbar@workspace:pkg/toolbar":
  version: 0.0.0-use.local
  resolution: "@metanorma/toolbar@workspace:pkg/toolbar"
  dependencies:
    "@handlewithcare/react-prosemirror": "npm:3.2.7"
    "@metanorma/editor-commands": "workspace:^"
    "@metanorma/prosemirror-schema": "workspace:^"
    "@metanorma/relaton": "workspace:^"
    "@types/react": "npm:^19"
    "@types/react-dom": "npm:^19"
    prosemirror-commands: "npm:^1.7.1"
    prosemirror-keymap: "npm:^1.2.2"
    prosemirror-model: "npm:^1.22.0"
    prosemirror-state: "npm:^1.4.4"
    prosemirror-view: "npm:1.42.0"
    react: "npm:^19.2.7"
    react-aria-components: "npm:^1.19.0"
    react-dom: "npm:^19.2.7"
    react-reconciler: "npm:0.32.0"
    typescript: "npm:~6.0.3"
  languageName: unknown
  linkType: soft

"@playwright/test@npm:^1.49.0":
  version: 1.62.1
  resolution: "@playwright/test@npm:1.62.1"
  dependencies:
    playwright: "npm:1.62.1"
  bin:
    playwright: cli.js
  checksum: 10c0/4b76f2f717723f84a73601f74fde97f5d92e4b5c869cf87c0f5628bf247fa1d18c9dc6c8e136463303233239e8ce58f902513d4281a9fabc3c426e911ded2c83
  languageName: node
  linkType: hard

"@react-types/shared@npm:^3.36.1":
  version: 3.36.1
  resolution: "@react-types/shared@npm:3.36.1"
  peerDependencies:
    react: ^16.8.0 || ^17.0.0-rc.1 || ^18.0.0 || ^19.0.0-rc.1
  checksum: 10c0/377e9287025f046f3b088e73655a53813ce60f08d569094c098fd46f45d4eac1d288c5005bcb8a5a388aa9d1245763ef11e6fa86c00a2355b43f24fde447ca54
  languageName: node
  linkType: hard

"@swc/helpers@npm:^0.5.0":
  version: 0.5.23
  resolution: "@swc/helpers@npm:0.5.23"
  dependencies:
    tslib: "npm:^2.8.0"
  checksum: 10c0/02da7b4df465693933ecd4851cc193ec729c309939c8a84eccae5ec0010aafc3894e713b8ef8d13a6ba401759f0e900c88e2dcfef5872c27bb91e70f73275cce
  languageName: node
  linkType: hard

"@types/node@npm:^22.5.5":
  version: 22.5.5
  resolution: "@types/node@npm:22.5.5"
  dependencies:
    undici-types: "npm:~6.19.2"
  checksum: 10c0/ead9495cfc6b1da5e7025856dcce2591e9bae635357410c0d2dd619fce797d2a1d402887580ca4b336cb78168b195224869967de370a23f61663cf1e4836121c
  languageName: node
  linkType: hard

"@types/react-dom@npm:^19":
  version: 19.2.3
  resolution: "@types/react-dom@npm:19.2.3"
  peerDependencies:
    "@types/react": ^19.2.0
  checksum: 10c0/b486ebe0f4e2fb35e2e108df1d8fc0927ca5d6002d5771e8a739de11239fe62d0e207c50886185253c99eb9dedfeeb956ea7429e5ba17f6693c7acb4c02f8cd1
  languageName: node
  linkType: hard

"@types/react@npm:^19":
  version: 19.2.14
  resolution: "@types/react@npm:19.2.14"
  dependencies:
    csstype: "npm:^3.2.2"
  checksum: 10c0/7d25bf41b57719452d86d2ac0570b659210402707313a36ee612666bf11275a1c69824f8c3ee1fdca077ccfe15452f6da8f1224529b917050eb2d861e52b59b7
  languageName: node
  linkType: hard

"@yarnpkg/types@npm:^4.0.0":
  version: 4.0.0
  resolution: "@yarnpkg/types@npm:4.0.0"
  dependencies:
    tslib: "npm:^2.4.0"
  checksum: 10c0/41f67a4aa5c414c1e228f51453451fa15e0dd70c5cf2b1ae1ca142a3f018f25e4a37e60372cd0f5970c755e1804a2e31e208bff427add1cf13f899b0b9adc1e0
  languageName: node
  linkType: hard

"abbrev@npm:^5.0.0":
  version: 5.0.0
  resolution: "abbrev@npm:5.0.0"
  checksum: 10c0/8e88f5c798ea4562d28c5a3e9ad69e3879890bc5d695d8f2dffb8609be4c890aacc8f80ef4553fdd2c6a62d70c2ce8bc57b38074e383beb7487bdafa9ed42ea5
  languageName: node
  linkType: hard

"aria-hidden@npm:^1.2.3":
  version: 1.2.6
  resolution: "aria-hidden@npm:1.2.6"
  dependencies:
    tslib: "npm:^2.0.0"
  checksum: 10c0/7720cb539497a9f760f68f98a4b30f22c6767aa0e72fa7d58279f7c164e258fc38b2699828f8de881aab0fc8e9c56d1313a3f1a965046fc0381a554dbc72b54a
  languageName: node
  linkType: hard

"browser-fs-access@npm:^0.38.0":
  version: 0.38.0
  resolution: "browser-fs-access@npm:0.38.0"
  checksum: 10c0/ceb31e6e73c7e0a976317f675d0ded17919c0165ec4b12c214166e54577ac768f25ab1178563cba671f6f077446ead113842b638afaf16b1b63534bf2adc1af9
  languageName: node
  linkType: hard

"chownr@npm:^3.0.0":
  version: 3.0.0
  resolution: "chownr@npm:3.0.0"
  checksum: 10c0/43925b87700f7e3893296c8e9c56cc58f926411cce3a6e5898136daaf08f08b9a8eb76d37d3267e707d0dcc17aed2e2ebdf5848c0c3ce95cf910a919935c1b10
  languageName: node
  linkType: hard

"classnames@npm:^2.5.1":
  version: 2.5.1
  resolution: "classnames@npm:2.5.1"
  checksum: 10c0/afff4f77e62cea2d79c39962980bf316bacb0d7c49e13a21adaadb9221e1c6b9d3cdb829d8bb1b23c406f4e740507f37e1dcf506f7e3b7113d17c5bab787aa69
  languageName: node
  linkType: hard

"client-only@npm:^0.0.1":
  version: 0.0.1
  resolution: "client-only@npm:0.0.1"
  checksum: 10c0/9d6cfd0c19e1c96a434605added99dff48482152af791ec4172fb912a71cff9027ff174efd8cdb2160cc7f377543e0537ffc462d4f279bc4701de3f2a3c4b358
  languageName: node
  linkType: hard

"clsx@npm:^2.0.0":
  version: 2.1.1
  resolution: "clsx@npm:2.1.1"
  checksum: 10c0/c4c8eb865f8c82baab07e71bfa8897c73454881c4f99d6bc81585aecd7c441746c1399d08363dc096c550cceaf97bd4ce1e8854e1771e9998d9f94c4fe075839
  languageName: node
  linkType: hard

"csstype@npm:^3.2.2":
  version: 3.2.3
  resolution: "csstype@npm:3.2.3"
  checksum: 10c0/cd29c51e70fa822f1cecd8641a1445bed7063697469d35633b516e60fe8c1bde04b08f6c5b6022136bb669b64c63d4173af54864510fbb4ee23281801841a3ce
  languageName: node
  linkType: hard

"editor-gui@workspace:pkg/editor-gui":
  version: 0.0.0-use.local
  resolution: "editor-gui@workspace:pkg/editor-gui"
  dependencies:
    "@metanorma/editor-commands": "workspace:^"
    "@metanorma/prosemirror-editor": "workspace:^"
    "@metanorma/relaton": "workspace:^"
    "@metanorma/toolbar": "workspace:^"
    "@playwright/test": "npm:^1.49.0"
    "@types/react": "npm:^19"
    "@types/react-dom": "npm:^19"
    browser-fs-access: "npm:^0.38.0"
    prosemirror-commands: "npm:^1.7.1"
    prosemirror-keymap: "npm:^1.2.2"
    react: "npm:^19.2.7"
    react-dom: "npm:^19.2.7"
    typescript: "npm:~6.0.3"
  languageName: unknown
  linkType: soft

"env-paths@npm:^2.2.0":
  version: 2.2.1
  resolution: "env-paths@npm:2.2.1"
  checksum: 10c0/285325677bf00e30845e330eec32894f5105529db97496ee3f598478e50f008c5352a41a30e5e72ec9de8a542b5a570b85699cd63bd2bc646dbcb9f311d83bc4
  languageName: node
  linkType: hard

"esbuild@npm:~0.27.3":
  version: 0.27.3
  resolution: "esbuild@npm:0.27.3"
  dependencies:
    "@esbuild/aix-ppc64": "npm:0.27.3"
    "@esbuild/android-arm": "npm:0.27.3"
    "@esbuild/android-arm64": "npm:0.27.3"
    "@esbuild/android-x64": "npm:0.27.3"
    "@esbuild/darwin-arm64": "npm:0.27.3"
    "@esbuild/darwin-x64": "npm:0.27.3"
    "@esbuild/freebsd-arm64": "npm:0.27.3"
    "@esbuild/freebsd-x64": "npm:0.27.3"
    "@esbuild/linux-arm": "npm:0.27.3"
    "@esbuild/linux-arm64": "npm:0.27.3"
    "@esbuild/linux-ia32": "npm:0.27.3"
    "@esbuild/linux-loong64": "npm:0.27.3"
    "@esbuild/linux-mips64el": "npm:0.27.3"
    "@esbuild/linux-ppc64": "npm:0.27.3"
    "@esbuild/linux-riscv64": "npm:0.27.3"
    "@esbuild/linux-s390x": "npm:0.27.3"
    "@esbuild/linux-x64": "npm:0.27.3"
    "@esbuild/netbsd-arm64": "npm:0.27.3"
    "@esbuild/netbsd-x64": "npm:0.27.3"
    "@esbuild/openbsd-arm64": "npm:0.27.3"
    "@esbuild/openbsd-x64": "npm:0.27.3"
    "@esbuild/openharmony-arm64": "npm:0.27.3"
    "@esbuild/sunos-x64": "npm:0.27.3"
    "@esbuild/win32-arm64": "npm:0.27.3"
    "@esbuild/win32-ia32": "npm:0.27.3"
    "@esbuild/win32-x64": "npm:0.27.3"
  dependenciesMeta:
    "@esbuild/aix-ppc64":
      optional: true
    "@esbuild/android-arm":
      optional: true
    "@esbuild/android-arm64":
      optional: true
    "@esbuild/android-x64":
      optional: true
    "@esbuild/darwin-arm64":
      optional: true
    "@esbuild/darwin-x64":
      optional: true
    "@esbuild/freebsd-arm64":
      optional: true
    "@esbuild/freebsd-x64":
      optional: true
    "@esbuild/linux-arm":
      optional: true
    "@esbuild/linux-arm64":
      optional: true
    "@esbuild/linux-ia32":
      optional: true
    "@esbuild/linux-loong64":
      optional: true
    "@esbuild/linux-mips64el":
      optional: true
    "@esbuild/linux-ppc64":
      optional: true
    "@esbuild/linux-riscv64":
      optional: true
    "@esbuild/linux-s390x":
      optional: true
    "@esbuild/linux-x64":
      optional: true
    "@esbuild/netbsd-arm64":
      optional: true
    "@esbuild/netbsd-x64":
      optional: true
    "@esbuild/openbsd-arm64":
      optional: true
    "@esbuild/openbsd-x64":
      optional: true
    "@esbuild/openharmony-arm64":
      optional: true
    "@esbuild/sunos-x64":
      optional: true
    "@esbuild/win32-arm64":
      optional: true
    "@esbuild/win32-ia32":
      optional: true
    "@esbuild/win32-x64":
      optional: true
  bin:
    esbuild: bin/esbuild
  checksum: 10c0/fdc3f87a3f08b3ef98362f37377136c389a0d180fda4b8d073b26ba930cf245521db0a368f119cc7624bc619248fff1439f5811f062d853576f8ffa3df8ee5f1
  languageName: node
  linkType: hard

"exponential-backoff@npm:^3.1.1":
  version: 3.1.3
  resolution: "exponential-backoff@npm:3.1.3"
  checksum: 10c0/77e3ae682b7b1f4972f563c6dbcd2b0d54ac679e62d5d32f3e5085feba20483cf28bd505543f520e287a56d4d55a28d7874299941faf637e779a1aa5994d1267
  languageName: node
  linkType: hard

"fdir@npm:^6.5.0":
  version: 6.5.0
  resolution: "fdir@npm:6.5.0"
  peerDependencies:
    picomatch: ^3 || ^4
  peerDependenciesMeta:
    picomatch:
      optional: true
  checksum: 10c0/e345083c4306b3aed6cb8ec551e26c36bab5c511e99ea4576a16750ddc8d3240e63826cc624f5ae17ad4dc82e68a253213b60d556c11bfad064b7607847ed07f
  languageName: node
  linkType: hard

"fsevents@npm:2.3.2":
  version: 2.3.2
  resolution: "fsevents@npm:2.3.2"
  dependencies:
    node-gyp: "npm:latest"
  checksum: 10c0/be78a3efa3e181cda3cf7a4637cb527bcebb0bd0ea0440105a3bb45b86f9245b307dc10a2507e8f4498a7d4ec349d1910f4d73e4d4495b16103106e07eee735b
  conditions: os=darwin
  languageName: node
  linkType: hard

"fsevents@patch:fsevents@npm%3A2.3.2#optional!builtin<compat/fsevents>":
  version: 2.3.2
  resolution: "fsevents@patch:fsevents@npm%3A2.3.2#optional!builtin<compat/fsevents>::version=2.3.2&hash=df0bf1"
  dependencies:
    node-gyp: "npm:latest"
  conditions: os=darwin
  languageName: node
  linkType: hard

"graceful-fs@npm:^4.2.6":
  version: 4.2.11
  resolution: "graceful-fs@npm:4.2.11"
  checksum: 10c0/386d011a553e02bc594ac2ca0bd6d9e4c22d7fa8cfbfc448a6d148c59ea881b092db9dbe3547ae4b88e55f1b01f7c4a2ecc53b310c042793e63aa44cf6c257f2
  languageName: node
  linkType: hard

"isexe@npm:^4.0.0":
  version: 4.0.0
  resolution: "isexe@npm:4.0.0"
  checksum: 10c0/5884815115bceac452877659a9c7726382531592f43dc29e5d48b7c4100661aed54018cb90bd36cb2eaeba521092570769167acbb95c18d39afdccbcca06c5ce
  languageName: node
  linkType: hard

"metanorma-editor@workspace:.":
  version: 0.0.0-use.local
  resolution: "metanorma-editor@workspace:."
  dependencies:
    "@types/node": "npm:^22.5.5"
    "@types/react": "npm:^19"
    "@types/react-dom": "npm:^19"
    "@yarnpkg/types": "npm:^4.0.0"
    esbuild: "npm:~0.27.3"
    react: "npm:^19.2.7"
    react-dom: "npm:^19.2.7"
    typescript: "npm:~6.0.3"
    typescript-language-server: "npm:~5.1.3"
  bin:
    serve: ./packages/editor-server/serve.mjs
  languageName: unknown
  linkType: soft

"minipass@npm:^7.0.4, minipass@npm:^7.1.2":
  version: 7.1.3
  resolution: "minipass@npm:7.1.3"
  checksum: 10c0/539da88daca16533211ea5a9ee98dc62ff5742f531f54640dd34429e621955e91cc280a91a776026264b7f9f6735947629f920944e9c1558369e8bf22eb33fbb
  languageName: node
  linkType: hard

"minizlib@npm:^3.1.0":
  version: 3.1.0
  resolution: "minizlib@npm:3.1.0"
  dependencies:
    minipass: "npm:^7.1.2"
  checksum: 10c0/5aad75ab0090b8266069c9aabe582c021ae53eb33c6c691054a13a45db3b4f91a7fb1bd79151e6b4e9e9a86727b522527c0a06ec7d45206b745d54cd3097bcec
  languageName: node
  linkType: hard

"node-gyp@npm:latest":
  version: 13.0.1
  resolution: "node-gyp@npm:13.0.1"
  dependencies:
    env-paths: "npm:^2.2.0"
    exponential-backoff: "npm:^3.1.1"
    graceful-fs: "npm:^4.2.6"
    nopt: "npm:^10.0.0"
    proc-log: "npm:^7.0.0"
    semver: "npm:^7.3.5"
    tar: "npm:^7.5.4"
    tinyglobby: "npm:^0.2.12"
    undici: "npm:^8.4.1"
    which: "npm:^7.0.0"
  bin:
    node-gyp: bin/node-gyp.js
  checksum: 10c0/424077bc9e9bbe953a8e86db473ba818cbc6a121714008c977fd589e21e5f0c811fbf22faac730dc7182450b5e52df301811d01ae3373898658d999b7710f4e6
  languageName: node
  linkType: hard

"nopt@npm:^10.0.0":
  version: 10.0.1
  resolution: "nopt@npm:10.0.1"
  dependencies:
    abbrev: "npm:^5.0.0"
  bin:
    nopt: bin/nopt.js
  checksum: 10c0/980d89257f9587f3e1f77877ddbf905d6aa3b738ec33e49a4fa1a059a0dd82eb28063982b150654a7ae9de386f2ead60e56172db7d37cf56de545f7392a2a26a
  languageName: node
  linkType: hard

"orderedmap@npm:^2.0.0":
  version: 2.1.1
  resolution: "orderedmap@npm:2.1.1"
  checksum: 10c0/8d7d266659d1828937046e8b2a7b5f75914e0391db985da0ca75cd2246cccbf6d6f3a0886aa2034da15ee4923e8c45f95f8b588f575f535f0adecdefccc54634
  languageName: node
  linkType: hard

"picomatch@npm:^4.0.4":
  version: 4.0.5
  resolution: "picomatch@npm:4.0.5"
  checksum: 10c0/947bc6b6e1ff1e6c5aaf95b107a0839d12802f4f7b867663f67d47accba939ca1cb582cf99dfc30438efa1c4648ac5990967e783e8929c36b03e8440704ef1bd
  languageName: node
  linkType: hard

"playwright-core@npm:1.62.1":
  version: 1.62.1
  resolution: "playwright-core@npm:1.62.1"
  bin:
    playwright-core: cli.js
  checksum: 10c0/a37d0f03bb73364cfd0eba704c4b3359b609c4779ae2649a88d8e2b3a29c7357dfcc58bdcf0cb68ddffdef7687abf78902c8356e89f189682c7e19be38e108f0
  languageName: node
  linkType: hard

"playwright@npm:1.62.1":
  version: 1.62.1
  resolution: "playwright@npm:1.62.1"
  dependencies:
    fsevents: "npm:2.3.2"
    playwright-core: "npm:1.62.1"
  dependenciesMeta:
    fsevents:
      optional: true
  bin:
    playwright: cli.js
  checksum: 10c0/4d3522cd46325f50c46f8874d31f70d036f6983228a9f8b9d68fc249e4c17464edcd97cc4adfbb24e712d1829c1386d3bc24e17f58a1ced94e7c423300c21845
  languageName: node
  linkType: hard

"proc-log@npm:^7.0.0":
  version: 7.0.0
  resolution: "proc-log@npm:7.0.0"
  checksum: 10c0/b89c2d862604f35fec795477b0c7e376feab3ba0d4f4d291c4e959567442697cf451ac557d0623c1cc38af45a78128b983410f397a10c5d3a67f76c33de4754b
  languageName: node
  linkType: hard

"prosemirror-commands@npm:^1.7.1":
  version: 1.7.1
  resolution: "prosemirror-commands@npm:1.7.1"
  dependencies:
    prosemirror-model: "npm:^1.0.0"
    prosemirror-state: "npm:^1.0.0"
    prosemirror-transform: "npm:^1.10.2"
  checksum: 10c0/4884ea7a66b79b51e72bb2ef358284d70e9a071deb4cbfab3dd8ee3449e9a0e34cb391d92f487c013d3716b823fc5568ad5e409a9444b3630ae0b87617c2fca1
  languageName: node
  linkType: hard

"prosemirror-gapcursor@npm:^1.3.1":
  version: 1.4.1
  resolution: "prosemirror-gapcursor@npm:1.4.1"
  dependencies:
    prosemirror-keymap: "npm:^1.0.0"
    prosemirror-model: "npm:^1.0.0"
    prosemirror-state: "npm:^1.0.0"
    prosemirror-view: "npm:^1.0.0"
  checksum: 10c0/1719ef91274d0f76f6c5e667d839aae0576e38b1fc08e178425fa076821ef3da88ebd0fe40049d7dd157aa224672270e569f032316de9de588a1baabcfe802f1
  languageName: node
  linkType: hard

"prosemirror-history@npm:^1.4.1":
  version: 1.5.0
  resolution: "prosemirror-history@npm:1.5.0"
  dependencies:
    prosemirror-state: "npm:^1.2.2"
    prosemirror-transform: "npm:^1.0.0"
    prosemirror-view: "npm:^1.31.0"
    rope-sequence: "npm:^1.3.0"
  checksum: 10c0/9f24c99316c30a52ff40ddd59fc83b5180f1326ee6f466bfa82b847a503b0cdff234c35d5e3decb39ae1382a189ceec7462333ed7d6c34e2c95921892bb98b78
  languageName: node
  linkType: hard

"prosemirror-keymap@npm:^1.0.0, prosemirror-keymap@npm:^1.2.2":
  version: 1.2.3
  resolution: "prosemirror-keymap@npm:1.2.3"
  dependencies:
    prosemirror-state: "npm:^1.0.0"
    w3c-keyname: "npm:^2.2.0"
  checksum: 10c0/0ec2f8bd9b608d0e6a0cdab1d66f9a6b41edcff0239b32ccca1018a0733e52448e4758218a2d472fb8c33c1609426dc6bad4944b28c1c3d509a83201a23035e9
  languageName: node
  linkType: hard

"prosemirror-model@npm:^1.0.0, prosemirror-model@npm:^1.21.0, prosemirror-model@npm:^1.22.0, prosemirror-model@npm:^1.25.8":
  version: 1.25.11
  resolution: "prosemirror-model@npm:1.25.11"
  dependencies:
    orderedmap: "npm:^2.0.0"
  checksum: 10c0/e41faa477414160a602289b778189163b39a4563799defea1862183087f9ec77f02c292e3e79dd32fcc1a8878aedbdcea50f0f752ee03fe64c24ce6780b82205
  languageName: node
  linkType: hard

"prosemirror-schema-list@npm:^1.4.0":
  version: 1.5.1
  resolution: "prosemirror-schema-list@npm:1.5.1"
  dependencies:
    prosemirror-model: "npm:^1.0.0"
    prosemirror-state: "npm:^1.0.0"
    prosemirror-transform: "npm:^1.7.3"
  checksum: 10c0/e6fd27446bc90556a9797f6ca0cb54e7db53cc7c20fbf633b7d0f4709c45accfa2f3a0f6575fe47aa83cb75781a9b773198d236a44db9d8eef2802a1501e4301
  languageName: node
  linkType: hard

"prosemirror-state@npm:^1.0.0, prosemirror-state@npm:^1.2.2, prosemirror-state@npm:^1.4.4":
  version: 1.4.4
  resolution: "prosemirror-state@npm:1.4.4"
  dependencies:
    prosemirror-model: "npm:^1.0.0"
    prosemirror-transform: "npm:^1.0.0"
    prosemirror-view: "npm:^1.27.0"
  checksum: 10c0/1428636a37c127afe0d11a4f4eb44d75a7f16717940405082bd16fa4c28cfeef9375d49f48e411e5f0fa26f3e5798af7f270edc9bc9b0e647df8bb79983bcd59
  languageName: node
  linkType: hard

"prosemirror-transform@npm:^1.0.0, prosemirror-transform@npm:^1.1.0, prosemirror-transform@npm:^1.10.2, prosemirror-transform@npm:^1.12.0, prosemirror-transform@npm:^1.7.3":
  version: 1.12.0
  resolution: "prosemirror-transform@npm:1.12.0"
  dependencies:
    prosemirror-model: "npm:^1.21.0"
  checksum: 10c0/e9e94fbb36fa53badc73d27833bac834835246f28a6176fb33c65a85c9025da0c08ac503f860898591a14fcacef58ba18a29e8df5a916cf376084bc17f324753
  languageName: node
  linkType: hard

"prosemirror-view@npm:1.42.0":
  version: 1.42.0
  resolution: "prosemirror-view@npm:1.42.0"
  dependencies:
    prosemirror-model: "npm:^1.25.8"
    prosemirror-state: "npm:^1.0.0"
    prosemirror-transform: "npm:^1.1.0"
  checksum: 10c0/92f5a6ca4bbb9f961f93307f544e4fb9bbd694184cef76c440707745439117165f4a5ef6e71d36f7576776bcb0f16a5ee48c9722e472992bd4b384ff2ee07911
  languageName: node
  linkType: hard

"prosemirror-view@npm:^1.0.0, prosemirror-view@npm:^1.31.0":
  version: 1.42.2
  resolution: "prosemirror-view@npm:1.42.2"
  dependencies:
    prosemirror-model: "npm:^1.25.8"
    prosemirror-state: "npm:^1.0.0"
    prosemirror-transform: "npm:^1.1.0"
  checksum: 10c0/2fb9bc68bc37e6b17d8c62e1596742a82caaa2315f2581ee556b80d023bf092955f5abb6b72ac67b51f7e791c7b877997deab817752cf450c4eadf350d85a5dd
  languageName: node
  linkType: hard

"prosemirror-view@npm:^1.27.0":
  version: 1.42.1
  resolution: "prosemirror-view@npm:1.42.1"
  dependencies:
    prosemirror-model: "npm:^1.25.8"
    prosemirror-state: "npm:^1.0.0"
    prosemirror-transform: "npm:^1.1.0"
  checksum: 10c0/159131ef97b274fa9604dae5e7089dc9046bf536ef4aa561698582ea305413fe758a717fc22bad3dfb0c1781a3e986ef910c0f84fb018d92c61d549a7abd9d97
  languageName: node
  linkType: hard

"react-aria-components@npm:^1.19.0":
  version: 1.20.0
  resolution: "react-aria-components@npm:1.20.0"
  dependencies:
    "@internationalized/date": "npm:^3.12.3"
    "@internationalized/string": "npm:^3.2.10"
    "@react-types/shared": "npm:^3.36.1"
    "@swc/helpers": "npm:^0.5.0"
    client-only: "npm:^0.0.1"
    react-aria: "npm:3.51.0"
    react-stately: "npm:3.49.0"
  peerDependencies:
    react: ^16.8.0 || ^17.0.0-rc.1 || ^18.0.0 || ^19.0.0-rc.1
    react-dom: ^16.8.0 || ^17.0.0-rc.1 || ^18.0.0 || ^19.0.0-rc.1
  checksum: 10c0/3ffc9428985b165a82b1cc02c883e6b31f3271be0f227e41b6d2de1ac2b2f111b359b8c410dae264d89d18bbe3b807e3c376ab28810dc8e00420d65e9cf32120
  languageName: node
  linkType: hard

"react-aria@npm:3.51.0":
  version: 3.51.0
  resolution: "react-aria@npm:3.51.0"
  dependencies:
    "@internationalized/date": "npm:^3.12.3"
    "@internationalized/number": "npm:^3.6.7"
    "@internationalized/string": "npm:^3.2.10"
    "@react-types/shared": "npm:^3.36.1"
    "@swc/helpers": "npm:^0.5.0"
    aria-hidden: "npm:^1.2.3"
    clsx: "npm:^2.0.0"
    react-stately: "npm:3.49.0"
    use-sync-external-store: "npm:^1.6.0"
  peerDependencies:
    react: ^16.8.0 || ^17.0.0-rc.1 || ^18.0.0 || ^19.0.0-rc.1
    react-dom: ^16.8.0 || ^17.0.0-rc.1 || ^18.0.0 || ^19.0.0-rc.1
  checksum: 10c0/047296e063c8efbc79cc3905ad0e338c7b5918b81e44fadd0ac3f1a2d6728cfc71104ff378e86ef3dc8419e1b3f7174ff9cc1c1b0dd085e9fdfbc95f418196af
  languageName: node
  linkType: hard

"react-dom@npm:^19.2.7":
  version: 19.2.7
  resolution: "react-dom@npm:19.2.7"
  dependencies:
    scheduler: "npm:^0.27.0"
  peerDependencies:
    react: ^19.2.7
  checksum: 10c0/970ff600f6e80d47d39e2f226f12f226173b3cba3382efc97c5f0cd663de9af38c7a4c11c213fb936094faeac83060d660247accaa96b752180d5b951b9cfecb
  languageName: node
  linkType: hard

"react-reconciler@npm:0.32.0":
  version: 0.32.0
  resolution: "react-reconciler@npm:0.32.0"
  dependencies:
    scheduler: "npm:^0.26.0"
  peerDependencies:
    react: ^19.1.0
  checksum: 10c0/ace0562d2aa99685416ac62741354706dec6df334aa64acc7ad455bd8a6f6af0068b276ad2e5412c3875388022ab13807f0b7d688fda7b2835301c110247146b
  languageName: node
  linkType: hard

"react-stately@npm:3.49.0":
  version: 3.49.0
  resolution: "react-stately@npm:3.49.0"
  dependencies:
    "@internationalized/date": "npm:^3.12.3"
    "@internationalized/number": "npm:^3.6.7"
    "@internationalized/string": "npm:^3.2.10"
    "@react-types/shared": "npm:^3.36.1"
    "@swc/helpers": "npm:^0.5.0"
    use-sync-external-store: "npm:^1.6.0"
  peerDependencies:
    react: ^16.8.0 || ^17.0.0-rc.1 || ^18.0.0 || ^19.0.0-rc.1
  checksum: 10c0/6f569dffc1c0bd2900d028c705b35283031abe1f1029e519a342c4f7854b29725aecb758ad2148902101177c202e5c8e386a34f09cda2045cb330a6c3212cb20
  languageName: node
  linkType: hard

"react@npm:^19.2.7":
  version: 19.2.7
  resolution: "react@npm:19.2.7"
  checksum: 10c0/0bd0e2f1bbd4ba97561c6597bf8a5fec05e6476fe61e165c1065598d16668efc6715205599c94d3ddd49d36cb0f21cbf1b9bcc18ee840b805ce222c3e8d558ac
  languageName: node
  linkType: hard

"rope-sequence@npm:^1.3.0":
  version: 1.3.4
  resolution: "rope-sequence@npm:1.3.4"
  checksum: 10c0/caa90be3d7a7cad155fb354a4679a1280dc9819c81bd319542a0d893a64e152284abb9cc1631d4351b328016a8d6c35a48c912234edfaf5173daef44b2e3609b
  languageName: node
  linkType: hard

"scheduler@npm:^0.26.0":
  version: 0.26.0
  resolution: "scheduler@npm:0.26.0"
  checksum: 10c0/5b8d5bfddaae3513410eda54f2268e98a376a429931921a81b5c3a2873aab7ca4d775a8caac5498f8cbc7d0daeab947cf923dbd8e215d61671f9f4e392d34356
  languageName: node
  linkType: hard

"scheduler@npm:^0.27.0":
  version: 0.27.0
  resolution: "scheduler@npm:0.27.0"
  checksum: 10c0/4f03048cb05a3c8fddc45813052251eca00688f413a3cee236d984a161da28db28ba71bd11e7a3dd02f7af84ab28d39fb311431d3b3772fed557945beb00c452
  languageName: node
  linkType: hard

"semver@npm:^7.3.5":
  version: 7.8.5
  resolution: "semver@npm:7.8.5"
  bin:
    semver: bin/semver.js
  checksum: 10c0/b1f3127a5be8125a94f37188b361c212466c292c6910adce3ec106cff5dc211ccaedc4739c11bb70fda59d6fc1f040a9bca289f4e093451521a2372e5231fe0c
  languageName: node
  linkType: hard

"tar@npm:^7.5.4":
  version: 7.5.22
  resolution: "tar@npm:7.5.22"
  dependencies:
    "@isaacs/fs-minipass": "npm:^4.0.0"
    chownr: "npm:^3.0.0"
    minipass: "npm:^7.1.2"
    minizlib: "npm:^3.1.0"
    yallist: "npm:^5.0.0"
  checksum: 10c0/1311f6be85a8157ac4c9147bae43e13923d2a1aae15e4aa1bd5239e4e03d2cf53cfe103dde7f35832fbb4c938b042856bc8e9a0afd29abd05e2d1608788c4fea
  languageName: node
  linkType: hard

"tinyglobby@npm:^0.2.12":
  version: 0.2.17
  resolution: "tinyglobby@npm:0.2.17"
  dependencies:
    fdir: "npm:^6.5.0"
    picomatch: "npm:^4.0.4"
  checksum: 10c0/7f7bb0f197c88bc4b20c231e0deca4240ca3bf313a88f5a7fee93a872b84966a4d50220947c0455ad07a60b3b360961c5b7fd979222aeb716a9f99b412002e4c
  languageName: node
  linkType: hard

"tslib@npm:^2.0.0, tslib@npm:^2.8.0":
  version: 2.8.1
  resolution: "tslib@npm:2.8.1"
  checksum: 10c0/9c4759110a19c53f992d9aae23aac5ced636e99887b51b9e61def52611732872ff7668757d4e4c61f19691e36f4da981cd9485e869b4a7408d689f6bf1f14e62
  languageName: node
  linkType: hard

"tslib@npm:^2.4.0":
  version: 2.7.0
  resolution: "tslib@npm:2.7.0"
  checksum: 10c0/469e1d5bf1af585742128827000711efa61010b699cb040ab1800bcd3ccdd37f63ec30642c9e07c4439c1db6e46345582614275daca3e0f4abae29b0083f04a6
  languageName: node
  linkType: hard

"typescript-language-server@npm:~5.1.3":
  version: 5.1.3
  resolution: "typescript-language-server@npm:5.1.3"
  bin:
    typescript-language-server: lib/cli.mjs
  checksum: 10c0/21f29145e306c63f933aebfd3be173729e40022f7b9c7bca47e82416a36730ded1b759a0db281cf82fd67c6bea2c734a3383ab16f6d90c068b131f3f69a8db63
  languageName: node
  linkType: hard

"typescript@npm:~6.0.3":
  version: 6.0.3
  resolution: "typescript@npm:6.0.3"
  bin:
    tsc: bin/tsc
    tsserver: bin/tsserver
  checksum: 10c0/4a25ff5045b984370f48f196b3a0120779b1b343d40b9a68d114ea5e5fff099809b2bb777576991a63a5cd59cf7bffd96ff6fe10afcefbcb8bd6fb96ad4b6606
  languageName: node
  linkType: hard

"typescript@patch:typescript@npm%3A~6.0.3#optional!builtin<compat/typescript>":
  version: 6.0.3
  resolution: "typescript@patch:typescript@npm%3A6.0.3#optional!builtin<compat/typescript>::version=6.0.3&hash=5786d5"
  bin:
    tsc: bin/tsc
    tsserver: bin/tsserver
  checksum: 10c0/2f25c74e65663c248fa1ade2b8459d9ce5372ff9dad07067310f132966ebec1d93f6c42f0baf77a6b6a7a91460463f708e6887013aaade22111037457c6b25df
  languageName: node
  linkType: hard

"undici-types@npm:~6.19.2":
  version: 6.19.8
  resolution: "undici-types@npm:6.19.8"
  checksum: 10c0/078afa5990fba110f6824823ace86073b4638f1d5112ee26e790155f481f2a868cc3e0615505b6f4282bdf74a3d8caad715fd809e870c2bb0704e3ea6082f344
  languageName: node
  linkType: hard

"undici@npm:^8.4.1":
  version: 8.10.0
  resolution: "undici@npm:8.10.0"
  checksum: 10c0/37ae2b1db8f65c3a003504e2040e96887b99f9db16ba07dcf49c37ed8b7f8c72f4452f2d46f52f7c9e49518fe8325e3b5e7e02ac3a2424886bd67d4b62a0ecab
  languageName: node
  linkType: hard

"use-sync-external-store@npm:^1.6.0":
  version: 1.6.0
  resolution: "use-sync-external-store@npm:1.6.0"
  peerDependencies:
    react: ^16.8.0 || ^17.0.0 || ^18.0.0 || ^19.0.0
  checksum: 10c0/35e1179f872a53227bdf8a827f7911da4c37c0f4091c29b76b1e32473d1670ebe7bcd880b808b7549ba9a5605c233350f800ffab963ee4a4ee346ee983b6019b
  languageName: node
  linkType: hard

"vscode-jsonrpc@npm:8.2.0":
  version: 8.2.0
  resolution: "vscode-jsonrpc@npm:8.2.0"
  checksum: 10c0/0789c227057a844f5ead55c84679206227a639b9fb76e881185053abc4e9848aa487245966cc2393fcb342c4541241b015a1a2559fddd20ac1e68945c95344e6
  languageName: node
  linkType: hard

"vscode-jsonrpc@npm:^5.0.1":
  version: 5.0.1
  resolution: "vscode-jsonrpc@npm:5.0.1"
  checksum: 10c0/365dc54648247f0eb31ffdeb45b67c17f2cfac6cf55810b52376bad0becc7ee029dbe722e8d94fc779217e012466e8f7c7360749667946ff4e1156731abe1941
  languageName: node
  linkType: hard

"vscode-languageserver-protocol@npm:^3.15.0":
  version: 3.17.5
  resolution: "vscode-languageserver-protocol@npm:3.17.5"
  dependencies:
    vscode-jsonrpc: "npm:8.2.0"
    vscode-languageserver-types: "npm:3.17.5"
  checksum: 10c0/5f38fd80da9868d706eaa4a025f4aff9c3faad34646bcde1426f915cbd8d7e8b6c3755ce3fef6eebd256ba3145426af1085305f8a76e34276d2e95aaf339a90b
  languageName: node
  linkType: hard

"vscode-languageserver-types@npm:3.17.5":
  version: 3.17.5
  resolution: "vscode-languageserver-types@npm:3.17.5"
  checksum: 10c0/1e1260de79a2cc8de3e46f2e0182cdc94a7eddab487db5a3bd4ee716f67728e685852707d72c059721ce500447be9a46764a04f0611e94e4321ffa088eef36f8
  languageName: node
  linkType: hard

"w3c-keyname@npm:^2.2.0":
  version: 2.2.8
  resolution: "w3c-keyname@npm:2.2.8"
  checksum: 10c0/37cf335c90efff31672ebb345577d681e2177f7ff9006a9ad47c68c5a9d265ba4a7b39d6c2599ceea639ca9315584ce4bd9c9fbf7a7217bfb7a599e71943c4c4
  languageName: node
  linkType: hard

"which@npm:^7.0.0":
  version: 7.0.0
  resolution: "which@npm:7.0.0"
  dependencies:
    isexe: "npm:^4.0.0"
  bin:
    node-which: bin/which.js
  checksum: 10c0/ca0b54f198f78bbc4b7c02e34bda8d335cb352e0adb4cbca1c37b1a957af3a879a82c4c27ca6525bc942f548d8b64f816ef6528360af9f3de55ffb9b979b620d
  languageName: node
  linkType: hard

"yallist@npm:^5.0.0":
  version: 5.0.0
  resolution: "yallist@npm:5.0.0"
  checksum: 10c0/a499c81ce6d4a1d260d4ea0f6d49ab4da09681e32c3f0472dee16667ed69d01dae63a3b81745a24bd78476ec4fcf856114cb4896ace738e01da34b2c42235416
  languageName: node
  linkType: hard
